
Microsoft Visual Studio Solution File, Format Version 12.00
# Visual Studio 2012
Project("{8BC9CEB8-8B4A-11D0-8D11-00A0C91BC942}") = "Lab_3_Inertia_Tensor_Derochie_Jesse", "Lab_3_Inertia_Tensor_Derochie_Jesse\Lab_3_Inertia_Tensor_Derochie_Jesse.vcxproj", "{7A837326-EA3E-4821-B715-DCCE8D63EAF5}"
EndProject
Global
	GlobalSection(SolutionConfigurationPlatforms) = preSolution
		Debug|Win32 = Debug|Win32
		Release|Win32 = Release|Win32
	EndGlobalSection
	GlobalSection(ProjectConfigurationPlatforms) = postSolution
		{7A837326-EA3E-4821-B715-DCCE8D63EAF5}.Debug|Win32.ActiveCfg = Debug|Win32
		{7A837326-EA3E-4821-B715-DCCE8D63EAF5}.Debug|Win32.Build.0 = Debug|Win32
		{7A837326-EA3E-4821-B715-DCCE8D63EAF5}.Release|Win32.ActiveCfg = Release|Win32
		{7A837326-EA3E-4821-B715-DCCE8D63EAF5}.Release|Win32.Build.0 = Release|Win32
	EndGlobalSection
	GlobalSection(SolutionProperties) = preSolution
		HideSolutionNode = FALSE
	EndGlobalSection
EndGlobal
